// !$*UTF8*$!
{
	archiveVersion = 1;
	classes = {
	};
	objectVersion = 56;
	objects = {

/* Begin PBXBuildFile section */
		6C2B26112A98B9A6003E951F /* PokeDexApp.swift in Sources */ = {isa = PBXBuildFile; fileRef = 6C2B26102A98B9A6003E951F /* PokeDexApp.swift */; };
		6C2B26132A98B9A6003E951F /* PokemonExploreView.swift in Sources */ = {isa = PBXBuildFile; fileRef = 6C2B26122A98B9A6003E951F /* PokemonExploreView.swift */; };
		6C2B26152A98B9A7003E951F /* Assets.xcassets in Resources */ = {isa = PBXBuildFile; fileRef = 6C2B26142A98B9A7003E951F /* Assets.xcassets */; };
		6C2B26182A98B9A7003E951F /* Preview Assets.xcassets in Resources */ = {isa = PBXBuildFile; fileRef = 6C2B26172A98B9A7003E951F /* Preview Assets.xcassets */; };
		6C2B263A2A9AF1EC003E951F /* NetworkUtils.swift in Sources */ = {isa = PBXBuildFile; fileRef = 6C2B26392A9AF1EC003E951F /* NetworkUtils.swift */; };
		6C2B263D2A9AFA0E003E951F /* PokemonResponseModel.swift in Sources */ = {isa = PBXBuildFile; fileRef = 6C2B263C2A9AFA0E003E951F /* PokemonResponseModel.swift */; };
		6C2B26442A9B2882003E951F /* Constants.swift in Sources */ = {isa = PBXBuildFile; fileRef = 6C2B26432A9B2882003E951F /* Constants.swift */; };
		6C2B26492A9C99C0003E951F /* ExploreRepositoryProtocol.swift in Sources */ = {isa = PBXBuildFile; fileRef = 6C2B26482A9C99C0003E951F /* ExploreRepositoryProtocol.swift */; };
		6C2B264B2A9C9BC7003E951F /* PokemonEntity.swift in Sources */ = {isa = PBXBuildFile; fileRef = 6C2B264A2A9C9BC7003E951F /* PokemonEntity.swift */; };
		6C2B264F2A9CA5BA003E951F /* GetPokemonListUseCase.swift in Sources */ = {isa = PBXBuildFile; fileRef = 6C2B264E2A9CA5BA003E951F /* GetPokemonListUseCase.swift */; };
		6C2B26512A9CA97E003E951F /* PokemonCellView.swift in Sources */ = {isa = PBXBuildFile; fileRef = 6C2B26502A9CA97E003E951F /* PokemonCellView.swift */; };
		6C2B26532A9CB187003E951F /* PokemonListResponseModel.swift in Sources */ = {isa = PBXBuildFile; fileRef = 6C2B26522A9CB187003E951F /* PokemonListResponseModel.swift */; };
		6C2B26552A9CB506003E951F /* PokemonDetailView.swift in Sources */ = {isa = PBXBuildFile; fileRef = 6C2B26542A9CB506003E951F /* PokemonDetailView.swift */; };
		6C2B26572A9CB581003E951F /* PokemonDetailResponseModel.swift in Sources */ = {isa = PBXBuildFile; fileRef = 6C2B26562A9CB581003E951F /* PokemonDetailResponseModel.swift */; };
		6C2B265B2A9D8E3F003E951F /* GetPokemonDetailUseCase.swift in Sources */ = {isa = PBXBuildFile; fileRef = 6C2B265A2A9D8E3F003E951F /* GetPokemonDetailUseCase.swift */; };
		6CCC41D82AA0A51A00EE93D2 /* DetailDataSource.swift in Sources */ = {isa = PBXBuildFile; fileRef = 6CCC41D72AA0A51A00EE93D2 /* DetailDataSource.swift */; };
		6CCC41DA2AA0A56600EE93D2 /* DetailRepository.swift in Sources */ = {isa = PBXBuildFile; fileRef = 6CCC41D92AA0A56600EE93D2 /* DetailRepository.swift */; };
		6CCC41DF2AA0A59B00EE93D2 /* DetailRepositoryProtocol.swift in Sources */ = {isa = PBXBuildFile; fileRef = 6CCC41DE2AA0A59B00EE93D2 /* DetailRepositoryProtocol.swift */; };
		6CCC41E52AA0D25A00EE93D2 /* PokemonExploreViewModel.swift in Sources */ = {isa = PBXBuildFile; fileRef = 6CCC41E42AA0D25900EE93D2 /* PokemonExploreViewModel.swift */; };
		6CCC41E72AA0D2C400EE93D2 /* PokemonModel.swift in Sources */ = {isa = PBXBuildFile; fileRef = 6CCC41E62AA0D2C400EE93D2 /* PokemonModel.swift */; };
		6CCC41ED2AA4C94400EE93D2 /* PokemonDetailViewModel.swift in Sources */ = {isa = PBXBuildFile; fileRef = 6CCC41EC2AA4C94400EE93D2 /* PokemonDetailViewModel.swift */; };
		755689832D78673A00D0EB91 /* FeatureFavoritesView.swift in Sources */ = {isa = PBXBuildFile; fileRef = 755689812D78673A00D0EB91 /* FeatureFavoritesView.swift */; };
		755689842D78673A00D0EB91 /* FeatureFavoritesViewModel.swift in Sources */ = {isa = PBXBuildFile; fileRef = 755689822D78673A00D0EB91 /* FeatureFavoritesViewModel.swift */; };
		755689852D78673A00D0EB91 /* FeatureFavoritesAssembly.swift in Sources */ = {isa = PBXBuildFile; fileRef = 755689802D78673A00D0EB91 /* FeatureFavoritesAssembly.swift */; };
		755689882D7A5D2100D0EB91 /* Lottie in Frameworks */ = {isa = PBXBuildFile; productRef = 755689872D7A5D2100D0EB91 /* Lottie */; };
		7556898C2D7A5D3E00D0EB91 /* lottieAnimation.json in Resources */ = {isa = PBXBuildFile; fileRef = 7556898B2D7A5D3E00D0EB91 /* lottieAnimation.json */; };
		756925D12D5F50A300785115 /* Logger_extension.swift in Sources */ = {isa = PBXBuildFile; fileRef = 756925D02D5F50A300785115 /* Logger_extension.swift */; };
		756925E72D61F7C500785115 /* Colors.xcassets in Resources */ = {isa = PBXBuildFile; fileRef = 756925E62D61F7C500785115 /* Colors.xcassets */; };
		756925E82D61F7C500785115 /* Colors.swift in Sources */ = {isa = PBXBuildFile; fileRef = 756925E52D61F7C500785115 /* Colors.swift */; };
		756925EA2D632EB800785115 /* PokemonTypes.swift in Sources */ = {isa = PBXBuildFile; fileRef = 756925E92D632EB800785115 /* PokemonTypes.swift */; };
		756925F02D6360D900785115 /* Color_extension.swift in Sources */ = {isa = PBXBuildFile; fileRef = 756925EF2D6360D900785115 /* Color_extension.swift */; };
		756925F22D63CB3100785115 /* CardView.swift in Sources */ = {isa = PBXBuildFile; fileRef = 756925F12D63CB3100785115 /* CardView.swift */; };
		75755DAD2D649E1F00488B09 /* CapsuleView.swift in Sources */ = {isa = PBXBuildFile; fileRef = 75755DAC2D649E1F00488B09 /* CapsuleView.swift */; };
		75755DAF2D64A36200488B09 /* Localizable.xcstrings in Resources */ = {isa = PBXBuildFile; fileRef = 75755DAE2D64A36200488B09 /* Localizable.xcstrings */; };
		75755DB12D64AAD700488B09 /* PokemonSpeciesResponseModel.swift in Sources */ = {isa = PBXBuildFile; fileRef = 75755DB02D64AAD700488B09 /* PokemonSpeciesResponseModel.swift */; };
		75755DB42D64AD1200488B09 /* PokemonSpeciesEntity.swift in Sources */ = {isa = PBXBuildFile; fileRef = 75755DB32D64AD1200488B09 /* PokemonSpeciesEntity.swift */; };
		75755DB62D64B00000488B09 /* GetPokemonDetailSpecieUseCase.swift in Sources */ = {isa = PBXBuildFile; fileRef = 75755DB52D64B00000488B09 /* GetPokemonDetailSpecieUseCase.swift */; };
		75755DB82D64BE6200488B09 /* PokemonSpecieModel.swift in Sources */ = {isa = PBXBuildFile; fileRef = 75755DB72D64BE6200488B09 /* PokemonSpecieModel.swift */; };
		75755DBA2D64F31200488B09 /* PokemonStatsChartView.swift in Sources */ = {isa = PBXBuildFile; fileRef = 75755DB92D64F31200488B09 /* PokemonStatsChartView.swift */; };
		75755DBC2D64F8BF00488B09 /* PokemonStats.swift in Sources */ = {isa = PBXBuildFile; fileRef = 75755DBB2D64F8BF00488B09 /* PokemonStats.swift */; };
		75AC7DE92D0B070E0063F88F /* ExploreDataSource.swift in Sources */ = {isa = PBXBuildFile; fileRef = 75AC7DE72D0B070E0063F88F /* ExploreDataSource.swift */; };
		75AC7DEC2D0B071C0063F88F /* ExploreRepository.swift in Sources */ = {isa = PBXBuildFile; fileRef = 75AC7DEA2D0B071C0063F88F /* ExploreRepository.swift */; };
		75AC7DEE2D0B30610063F88F /* LoaderView.swift in Sources */ = {isa = PBXBuildFile; fileRef = 75AC7DED2D0B30610063F88F /* LoaderView.swift */; };
		75ADE50B2D6CCCAD00F076CB /* FloatingTabBar.swift in Sources */ = {isa = PBXBuildFile; fileRef = 75ADE50A2D6CCCAD00F076CB /* FloatingTabBar.swift */; };
		75ADE50D2D6F143700F076CB /* TabBarState.swift in Sources */ = {isa = PBXBuildFile; fileRef = 75ADE50C2D6F143700F076CB /* TabBarState.swift */; };
		75ADE50F2D75B0AB00F076CB /* LikeAnimationView.swift in Sources */ = {isa = PBXBuildFile; fileRef = 75ADE50E2D75B0AB00F076CB /* LikeAnimationView.swift */; };
		75ADE5112D77528300F076CB /* FavoritesRepositoryProtocol.swift in Sources */ = {isa = PBXBuildFile; fileRef = 75ADE5102D77528300F076CB /* FavoritesRepositoryProtocol.swift */; };
		75ADE5132D77531000F076CB /* AddPokemonToFavoritesUseCase.swift in Sources */ = {isa = PBXBuildFile; fileRef = 75ADE5122D77531000F076CB /* AddPokemonToFavoritesUseCase.swift */; };
		75ADE5152D77532000F076CB /* RemovePokemonFromFavoritesUseCase.swift in Sources */ = {isa = PBXBuildFile; fileRef = 75ADE5142D77532000F076CB /* RemovePokemonFromFavoritesUseCase.swift */; };
		75ADE5172D77533100F076CB /* FetchAllFavoritePokemonsUseCase.swift in Sources */ = {isa = PBXBuildFile; fileRef = 75ADE5162D77533100F076CB /* FetchAllFavoritePokemonsUseCase.swift */; };
		75ADE5192D77533F00F076CB /* IsPokemonFavoriteUseCase.swift in Sources */ = {isa = PBXBuildFile; fileRef = 75ADE5182D77533F00F076CB /* IsPokemonFavoriteUseCase.swift */; };
		75ADE51B2D7753AE00F076CB /* FavouritesDataSource.swift in Sources */ = {isa = PBXBuildFile; fileRef = 75ADE51A2D7753AE00F076CB /* FavouritesDataSource.swift */; };
		75ADE51D2D7756B600F076CB /* FavoritesRepository.swift in Sources */ = {isa = PBXBuildFile; fileRef = 75ADE51C2D7756B600F076CB /* FavoritesRepository.swift */; };
		75E0CC4F2D15920800D0A9D9 /* CustomErrorView.swift in Sources */ = {isa = PBXBuildFile; fileRef = 75E0CC4E2D15920800D0A9D9 /* CustomErrorView.swift */; };
		75FED5AB2D0B00C300F01915 /* LoaderModifier.swift in Sources */ = {isa = PBXBuildFile; fileRef = 75FED5AA2D0B00C300F01915 /* LoaderModifier.swift */; };
		75FED5AE2D0B030E00F01915 /* BaseViewModel.swift in Sources */ = {isa = PBXBuildFile; fileRef = 75FED5AD2D0B030E00F01915 /* BaseViewModel.swift */; };
		75FED5B22D0B040C00F01915 /* PokemonExploreAssembly.swift in Sources */ = {isa = PBXBuildFile; fileRef = 75FED5B12D0B040C00F01915 /* PokemonExploreAssembly.swift */; };
		75FED5B52D0B042600F01915 /* PokemonDetailAssembly.swift in Sources */ = {isa = PBXBuildFile; fileRef = 75FED5B42D0B042600F01915 /* PokemonDetailAssembly.swift */; };
/* End PBXBuildFile section */

/* Begin PBXFileReference section */
		6C2B260D2A98B9A6003E951F /* PokeDex.app */ = {isa = PBXFileReference; explicitFileType = wrapper.application; includeInIndex = 0; path = PokeDex.app; sourceTree = BUILT_PRODUCTS_DIR; };
		6C2B26102A98B9A6003E951F /* PokeDexApp.swift */ = {isa = PBXFileReference; lastKnownFileType = sourcecode.swift; path = PokeDexApp.swift; sourceTree = "<group>"; };
		6C2B26122A98B9A6003E951F /* PokemonExploreView.swift */ = {isa = PBXFileReference; lastKnownFileType = sourcecode.swift; path = PokemonExploreView.swift; sourceTree = "<group>"; };
		6C2B26142A98B9A7003E951F /* Assets.xcassets */ = {isa = PBXFileReference; lastKnownFileType = folder.assetcatalog; path = Assets.xcassets; sourceTree = "<group>"; };
		6C2B26172A98B9A7003E951F /* Preview Assets.xcassets */ = {isa = PBXFileReference; lastKnownFileType = folder.assetcatalog; path = "Preview Assets.xcassets"; sourceTree = "<group>"; };
		6C2B26392A9AF1EC003E951F /* NetworkUtils.swift */ = {isa = PBXFileReference; lastKnownFileType = sourcecode.swift; path = NetworkUtils.swift; sourceTree = "<group>"; };
		6C2B263C2A9AFA0E003E951F /* PokemonResponseModel.swift */ = {isa = PBXFileReference; lastKnownFileType = sourcecode.swift; path = PokemonResponseModel.swift; sourceTree = "<group>"; };
		6C2B26432A9B2882003E951F /* Constants.swift */ = {isa = PBXFileReference; lastKnownFileType = sourcecode.swift; path = Constants.swift; sourceTree = "<group>"; };
		6C2B26482A9C99C0003E951F /* ExploreRepositoryProtocol.swift */ = {isa = PBXFileReference; lastKnownFileType = sourcecode.swift; path = ExploreRepositoryProtocol.swift; sourceTree = "<group>"; };
		6C2B264A2A9C9BC7003E951F /* PokemonEntity.swift */ = {isa = PBXFileReference; lastKnownFileType = sourcecode.swift; path = PokemonEntity.swift; sourceTree = "<group>"; };
		6C2B264E2A9CA5BA003E951F /* GetPokemonListUseCase.swift */ = {isa = PBXFileReference; lastKnownFileType = sourcecode.swift; path = GetPokemonListUseCase.swift; sourceTree = "<group>"; };
		6C2B26502A9CA97E003E951F /* PokemonCellView.swift */ = {isa = PBXFileReference; lastKnownFileType = sourcecode.swift; path = PokemonCellView.swift; sourceTree = "<group>"; };
		6C2B26522A9CB187003E951F /* PokemonListResponseModel.swift */ = {isa = PBXFileReference; lastKnownFileType = sourcecode.swift; path = PokemonListResponseModel.swift; sourceTree = "<group>"; };
		6C2B26542A9CB506003E951F /* PokemonDetailView.swift */ = {isa = PBXFileReference; lastKnownFileType = sourcecode.swift; path = PokemonDetailView.swift; sourceTree = "<group>"; };
		6C2B26562A9CB581003E951F /* PokemonDetailResponseModel.swift */ = {isa = PBXFileReference; lastKnownFileType = sourcecode.swift; path = PokemonDetailResponseModel.swift; sourceTree = "<group>"; };
		6C2B265A2A9D8E3F003E951F /* GetPokemonDetailUseCase.swift */ = {isa = PBXFileReference; lastKnownFileType = sourcecode.swift; path = GetPokemonDetailUseCase.swift; sourceTree = "<group>"; };
		6CCC41D72AA0A51A00EE93D2 /* DetailDataSource.swift */ = {isa = PBXFileReference; lastKnownFileType = sourcecode.swift; path = DetailDataSource.swift; sourceTree = "<group>"; };
		6CCC41D92AA0A56600EE93D2 /* DetailRepository.swift */ = {isa = PBXFileReference; lastKnownFileType = sourcecode.swift; path = DetailRepository.swift; sourceTree = "<group>"; };
		6CCC41DE2AA0A59B00EE93D2 /* DetailRepositoryProtocol.swift */ = {isa = PBXFileReference; lastKnownFileType = sourcecode.swift; path = DetailRepositoryProtocol.swift; sourceTree = "<group>"; };
		6CCC41E42AA0D25900EE93D2 /* PokemonExploreViewModel.swift */ = {isa = PBXFileReference; lastKnownFileType = sourcecode.swift; path = PokemonExploreViewModel.swift; sourceTree = "<group>"; };
		6CCC41E62AA0D2C400EE93D2 /* PokemonModel.swift */ = {isa = PBXFileReference; lastKnownFileType = sourcecode.swift; path = PokemonModel.swift; sourceTree = "<group>"; };
		6CCC41EC2AA4C94400EE93D2 /* PokemonDetailViewModel.swift */ = {isa = PBXFileReference; lastKnownFileType = sourcecode.swift; path = PokemonDetailViewModel.swift; sourceTree = "<group>"; };
		755689802D78673A00D0EB91 /* FeatureFavoritesAssembly.swift */ = {isa = PBXFileReference; lastKnownFileType = sourcecode.swift; path = FeatureFavoritesAssembly.swift; sourceTree = "<group>"; };
		755689812D78673A00D0EB91 /* FeatureFavoritesView.swift */ = {isa = PBXFileReference; lastKnownFileType = sourcecode.swift; path = FeatureFavoritesView.swift; sourceTree = "<group>"; };
		755689822D78673A00D0EB91 /* FeatureFavoritesViewModel.swift */ = {isa = PBXFileReference; lastKnownFileType = sourcecode.swift; path = FeatureFavoritesViewModel.swift; sourceTree = "<group>"; };
		7556898B2D7A5D3E00D0EB91 /* lottieAnimation.json */ = {isa = PBXFileReference; lastKnownFileType = text.json; path = lottieAnimation.json; sourceTree = "<group>"; };
		756925D02D5F50A300785115 /* Logger_extension.swift */ = {isa = PBXFileReference; lastKnownFileType = sourcecode.swift; path = Logger_extension.swift; sourceTree = "<group>"; };
		756925E52D61F7C500785115 /* Colors.swift */ = {isa = PBXFileReference; lastKnownFileType = sourcecode.swift; path = Colors.swift; sourceTree = "<group>"; };
		756925E62D61F7C500785115 /* Colors.xcassets */ = {isa = PBXFileReference; lastKnownFileType = folder.assetcatalog; path = Colors.xcassets; sourceTree = "<group>"; };
		756925E92D632EB800785115 /* PokemonTypes.swift */ = {isa = PBXFileReference; lastKnownFileType = sourcecode.swift; path = PokemonTypes.swift; sourceTree = "<group>"; };
		756925EF2D6360D900785115 /* Color_extension.swift */ = {isa = PBXFileReference; lastKnownFileType = sourcecode.swift; path = Color_extension.swift; sourceTree = "<group>"; };
		756925F12D63CB3100785115 /* CardView.swift */ = {isa = PBXFileReference; lastKnownFileType = sourcecode.swift; path = CardView.swift; sourceTree = "<group>"; };
		75755DAC2D649E1F00488B09 /* CapsuleView.swift */ = {isa = PBXFileReference; lastKnownFileType = sourcecode.swift; path = CapsuleView.swift; sourceTree = "<group>"; };
		75755DAE2D64A36200488B09 /* Localizable.xcstrings */ = {isa = PBXFileReference; lastKnownFileType = text.json.xcstrings; name = Localizable.xcstrings; path = PokeDex/Core/Components/Localizable.xcstrings; sourceTree = SOURCE_ROOT; };
		75755DB02D64AAD700488B09 /* PokemonSpeciesResponseModel.swift */ = {isa = PBXFileReference; lastKnownFileType = sourcecode.swift; path = PokemonSpeciesResponseModel.swift; sourceTree = "<group>"; };
		75755DB32D64AD1200488B09 /* PokemonSpeciesEntity.swift */ = {isa = PBXFileReference; lastKnownFileType = sourcecode.swift; path = PokemonSpeciesEntity.swift; sourceTree = "<group>"; };
		75755DB52D64B00000488B09 /* GetPokemonDetailSpecieUseCase.swift */ = {isa = PBXFileReference; lastKnownFileType = sourcecode.swift; path = GetPokemonDetailSpecieUseCase.swift; sourceTree = "<group>"; };
		75755DB72D64BE6200488B09 /* PokemonSpecieModel.swift */ = {isa = PBXFileReference; lastKnownFileType = sourcecode.swift; path = PokemonSpecieModel.swift; sourceTree = "<group>"; };
		75755DB92D64F31200488B09 /* PokemonStatsChartView.swift */ = {isa = PBXFileReference; lastKnownFileType = sourcecode.swift; path = PokemonStatsChartView.swift; sourceTree = "<group>"; };
		75755DBB2D64F8BF00488B09 /* PokemonStats.swift */ = {isa = PBXFileReference; lastKnownFileType = sourcecode.swift; path = PokemonStats.swift; sourceTree = "<group>"; };
		75AC7DE72D0B070E0063F88F /* ExploreDataSource.swift */ = {isa = PBXFileReference; lastKnownFileType = sourcecode.swift; path = ExploreDataSource.swift; sourceTree = "<group>"; };
		75AC7DEA2D0B071C0063F88F /* ExploreRepository.swift */ = {isa = PBXFileReference; lastKnownFileType = sourcecode.swift; path = ExploreRepository.swift; sourceTree = "<group>"; };
		75AC7DED2D0B30610063F88F /* LoaderView.swift */ = {isa = PBXFileReference; lastKnownFileType = sourcecode.swift; path = LoaderView.swift; sourceTree = "<group>"; };
		75ADE50A2D6CCCAD00F076CB /* FloatingTabBar.swift */ = {isa = PBXFileReference; lastKnownFileType = sourcecode.swift; path = FloatingTabBar.swift; sourceTree = "<group>"; };
		75ADE50C2D6F143700F076CB /* TabBarState.swift */ = {isa = PBXFileReference; lastKnownFileType = sourcecode.swift; path = TabBarState.swift; sourceTree = "<group>"; };
		75ADE50E2D75B0AB00F076CB /* LikeAnimationView.swift */ = {isa = PBXFileReference; lastKnownFileType = sourcecode.swift; path = LikeAnimationView.swift; sourceTree = "<group>"; };
		75ADE5102D77528300F076CB /* FavoritesRepositoryProtocol.swift */ = {isa = PBXFileReference; lastKnownFileType = sourcecode.swift; path = FavoritesRepositoryProtocol.swift; sourceTree = "<group>"; };
		75ADE5122D77531000F076CB /* AddPokemonToFavoritesUseCase.swift */ = {isa = PBXFileReference; lastKnownFileType = sourcecode.swift; path = AddPokemonToFavoritesUseCase.swift; sourceTree = "<group>"; };
		75ADE5142D77532000F076CB /* RemovePokemonFromFavoritesUseCase.swift */ = {isa = PBXFileReference; lastKnownFileType = sourcecode.swift; path = RemovePokemonFromFavoritesUseCase.swift; sourceTree = "<group>"; };
		75ADE5162D77533100F076CB /* FetchAllFavoritePokemonsUseCase.swift */ = {isa = PBXFileReference; lastKnownFileType = sourcecode.swift; path = FetchAllFavoritePokemonsUseCase.swift; sourceTree = "<group>"; };
		75ADE5182D77533F00F076CB /* IsPokemonFavoriteUseCase.swift */ = {isa = PBXFileReference; lastKnownFileType = sourcecode.swift; path = IsPokemonFavoriteUseCase.swift; sourceTree = "<group>"; };
		75ADE51A2D7753AE00F076CB /* FavouritesDataSource.swift */ = {isa = PBXFileReference; lastKnownFileType = sourcecode.swift; path = FavouritesDataSource.swift; sourceTree = "<group>"; };
		75ADE51C2D7756B600F076CB /* FavoritesRepository.swift */ = {isa = PBXFileReference; lastKnownFileType = sourcecode.swift; path = FavoritesRepository.swift; sourceTree = "<group>"; };
		75E0CC4E2D15920800D0A9D9 /* CustomErrorView.swift */ = {isa = PBXFileReference; lastKnownFileType = sourcecode.swift; path = CustomErrorView.swift; sourceTree = "<group>"; };
		75FED5AA2D0B00C300F01915 /* LoaderModifier.swift */ = {isa = PBXFileReference; lastKnownFileType = sourcecode.swift; path = LoaderModifier.swift; sourceTree = "<group>"; };
		75FED5AD2D0B030E00F01915 /* BaseViewModel.swift */ = {isa = PBXFileReference; lastKnownFileType = sourcecode.swift; path = BaseViewModel.swift; sourceTree = "<group>"; };
		75FED5B12D0B040C00F01915 /* PokemonExploreAssembly.swift */ = {isa = PBXFileReference; fileEncoding = 4; lastKnownFileType = sourcecode.swift; path = PokemonExploreAssembly.swift; sourceTree = "<group>"; };
		75FED5B42D0B042600F01915 /* PokemonDetailAssembly.swift */ = {isa = PBXFileReference; fileEncoding = 4; lastKnownFileType = sourcecode.swift; path = PokemonDetailAssembly.swift; sourceTree = "<group>"; };
/* End PBXFileReference section */

/* Begin PBXFrameworksBuildPhase section */
		6C2B260A2A98B9A6003E951F /* Frameworks */ = {
			isa = PBXFrameworksBuildPhase;
			buildActionMask = 2147483647;
			files = (
				755689882D7A5D2100D0EB91 /* Lottie in Frameworks */,
			);
			runOnlyForDeploymentPostprocessing = 0;
		};
/* End PBXFrameworksBuildPhase section */

/* Begin PBXGroup section */
		6C2B26042A98B9A6003E951F = {
			isa = PBXGroup;
			children = (
				6C2B260F2A98B9A6003E951F /* PokeDex */,
				6C2B260E2A98B9A6003E951F /* Products */,
				756925E42D5F697000785115 /* Resources */,
			);
			sourceTree = "<group>";
		};
		6C2B260E2A98B9A6003E951F /* Products */ = {
			isa = PBXGroup;
			children = (
				6C2B260D2A98B9A6003E951F /* PokeDex.app */,
			);
			name = Products;
			sourceTree = "<group>";
		};
		6C2B260F2A98B9A6003E951F /* PokeDex */ = {
			isa = PBXGroup;
			children = (
				7558F20F2CEF473A001AB9DD /* Subfeatures */,
				6C2B26272A9A2424003E951F /* App */,
				6C2B26162A98B9A7003E951F /* Preview Content */,
				6C2B262A2A9A3EF9003E951F /* Core */,
			);
			path = PokeDex;
			sourceTree = "<group>";
		};
		6C2B26162A98B9A7003E951F /* Preview Content */ = {
			isa = PBXGroup;
			children = (
				6C2B26172A98B9A7003E951F /* Preview Assets.xcassets */,
			);
			path = "Preview Content";
			sourceTree = "<group>";
		};
		6C2B26242A9A240C003E951F /* Data */ = {
			isa = PBXGroup;
			children = (
				75AC7DEB2D0B071C0063F88F /* Repositories */,
				75AC7DE82D0B070E0063F88F /* DataSource */,
				6C2B264D2A9CA046003E951F /* Models */,
			);
			path = Data;
			sourceTree = "<group>";
		};
		6C2B26252A9A2412003E951F /* Domain */ = {
			isa = PBXGroup;
			children = (
				6C2B26302A9AEE9D003E951F /* Entities */,
				6C2B262F2A9AEE91003E951F /* UseCases */,
				6C2B262E2A9AEE8D003E951F /* Repositories */,
			);
			path = Domain;
			sourceTree = "<group>";
		};
		6C2B26262A9A2419003E951F /* Presentation */ = {
			isa = PBXGroup;
			children = (
				75FED5B32D0B042600F01915 /* Assemblies */,
				6CCC41E92AA4C91D00EE93D2 /* Views */,
				6CCC41EA2AA4C92300EE93D2 /* ViewModels */,
				6CCC41EB2AA4C92800EE93D2 /* Models */,
			);
			path = Presentation;
			sourceTree = "<group>";
		};
		6C2B26272A9A2424003E951F /* App */ = {
			isa = PBXGroup;
			children = (
				6C2B26102A98B9A6003E951F /* PokeDexApp.swift */,
			);
			path = App;
			sourceTree = "<group>";
		};
		6C2B262A2A9A3EF9003E951F /* Core */ = {
			isa = PBXGroup;
			children = (
				756925CD2D5F506500785115 /* Extensions */,
				75FED5AC2D0B02E900F01915 /* BaseClasses */,
				6C2B262D2A9AEE78003E951F /* Components */,
				6C2B26362A9AEF2D003E951F /* Utils */,
			);
			path = Core;
			sourceTree = "<group>";
		};
		6C2B262D2A9AEE78003E951F /* Components */ = {
			isa = PBXGroup;
			children = (
				75FED5AF2D0B038900F01915 /* Views */,
				75FED5A92D0B00B200F01915 /* Modifiers */,
				75755DAE2D64A36200488B09 /* Localizable.xcstrings */,
			);
			path = Components;
			sourceTree = "<group>";
		};
		6C2B262E2A9AEE8D003E951F /* Repositories */ = {
			isa = PBXGroup;
			children = (
				6C2B26482A9C99C0003E951F /* ExploreRepositoryProtocol.swift */,
			);
			path = Repositories;
			sourceTree = "<group>";
		};
		6C2B262F2A9AEE91003E951F /* UseCases */ = {
			isa = PBXGroup;
			children = (
				6C2B264E2A9CA5BA003E951F /* GetPokemonListUseCase.swift */,
			);
			path = UseCases;
			sourceTree = "<group>";
		};
		6C2B26302A9AEE9D003E951F /* Entities */ = {
			isa = PBXGroup;
			children = (
				75755DBB2D64F8BF00488B09 /* PokemonStats.swift */,
				756925E92D632EB800785115 /* PokemonTypes.swift */,
				6C2B264A2A9C9BC7003E951F /* PokemonEntity.swift */,
			);
			path = Entities;
			sourceTree = "<group>";
		};
		6C2B26362A9AEF2D003E951F /* Utils */ = {
			isa = PBXGroup;
			children = (
				6C2B26432A9B2882003E951F /* Constants.swift */,
				6C2B26392A9AF1EC003E951F /* NetworkUtils.swift */,
			);
			path = Utils;
			sourceTree = "<group>";
		};
		6C2B264D2A9CA046003E951F /* Models */ = {
			isa = PBXGroup;
			children = (
				6C2B26562A9CB581003E951F /* PokemonDetailResponseModel.swift */,
				6C2B263C2A9AFA0E003E951F /* PokemonResponseModel.swift */,
				6C2B26522A9CB187003E951F /* PokemonListResponseModel.swift */,
			);
			path = Models;
			sourceTree = "<group>";
		};
		6CCC41CD2AA0A43500EE93D2 /* FeatureExplore */ = {
			isa = PBXGroup;
			children = (
				6CCC41CE2AA0A46D00EE93D2 /* Presentation */,
				6C2B26252A9A2412003E951F /* Domain */,
				6C2B26242A9A240C003E951F /* Data */,
			);
			path = FeatureExplore;
			sourceTree = "<group>";
		};
		6CCC41CE2AA0A46D00EE93D2 /* Presentation */ = {
			isa = PBXGroup;
			children = (
				75FED5B02D0B040C00F01915 /* Assemblies */,
				6CCC41E12AA0D20A00EE93D2 /* Views */,
				6CCC41E32AA0D23C00EE93D2 /* ViewModels */,
				6CCC41E02AA0D20600EE93D2 /* Models */,
			);
			path = Presentation;
			sourceTree = "<group>";
		};
		6CCC41CF2AA0A47700EE93D2 /* FeatureDetail */ = {
			isa = PBXGroup;
			children = (
				6C2B26262A9A2419003E951F /* Presentation */,
				6CCC41D02AA0A49600EE93D2 /* Domain */,
				6CCC41D12AA0A49A00EE93D2 /* Data */,
			);
			path = FeatureDetail;
			sourceTree = "<group>";
		};
		6CCC41D02AA0A49600EE93D2 /* Domain */ = {
			isa = PBXGroup;
			children = (
				6CCC41DC2AA0A58500EE93D2 /* UseCases */,
				6CCC41DD2AA0A58900EE93D2 /* Repositories */,
				6CCC41DB2AA0A58000EE93D2 /* Entities */,
			);
			path = Domain;
			sourceTree = "<group>";
		};
		6CCC41D12AA0A49A00EE93D2 /* Data */ = {
			isa = PBXGroup;
			children = (
				75755DB22D64AAED00488B09 /* Models */,
				6CCC41D52AA0A4BC00EE93D2 /* Repositories */,
				6CCC41D62AA0A4C800EE93D2 /* DataSources */,
			);
			path = Data;
			sourceTree = "<group>";
		};
		6CCC41D52AA0A4BC00EE93D2 /* Repositories */ = {
			isa = PBXGroup;
			children = (
				75ADE51C2D7756B600F076CB /* FavoritesRepository.swift */,
				6CCC41D92AA0A56600EE93D2 /* DetailRepository.swift */,
			);
			path = Repositories;
			sourceTree = "<group>";
		};
		6CCC41D62AA0A4C800EE93D2 /* DataSources */ = {
			isa = PBXGroup;
			children = (
				75ADE51A2D7753AE00F076CB /* FavouritesDataSource.swift */,
				6CCC41D72AA0A51A00EE93D2 /* DetailDataSource.swift */,
			);
			path = DataSources;
			sourceTree = "<group>";
		};
		6CCC41DB2AA0A58000EE93D2 /* Entities */ = {
			isa = PBXGroup;
			children = (
				75755DB32D64AD1200488B09 /* PokemonSpeciesEntity.swift */,
			);
			path = Entities;
			sourceTree = "<group>";
		};
		6CCC41DC2AA0A58500EE93D2 /* UseCases */ = {
			isa = PBXGroup;
			children = (
				75ADE5182D77533F00F076CB /* IsPokemonFavoriteUseCase.swift */,
				75ADE5162D77533100F076CB /* FetchAllFavoritePokemonsUseCase.swift */,
				75ADE5122D77531000F076CB /* AddPokemonToFavoritesUseCase.swift */,
				75ADE5142D77532000F076CB /* RemovePokemonFromFavoritesUseCase.swift */,
				6C2B265A2A9D8E3F003E951F /* GetPokemonDetailUseCase.swift */,
				75755DB52D64B00000488B09 /* GetPokemonDetailSpecieUseCase.swift */,
			);
			path = UseCases;
			sourceTree = "<group>";
		};
		6CCC41DD2AA0A58900EE93D2 /* Repositories */ = {
			isa = PBXGroup;
			children = (
				75ADE5102D77528300F076CB /* FavoritesRepositoryProtocol.swift */,
				6CCC41DE2AA0A59B00EE93D2 /* DetailRepositoryProtocol.swift */,
			);
			path = Repositories;
			sourceTree = "<group>";
		};
		6CCC41E02AA0D20600EE93D2 /* Models */ = {
			isa = PBXGroup;
			children = (
				75755DB72D64BE6200488B09 /* PokemonSpecieModel.swift */,
				6CCC41E62AA0D2C400EE93D2 /* PokemonModel.swift */,
			);
			path = Models;
			sourceTree = "<group>";
		};
		6CCC41E12AA0D20A00EE93D2 /* Views */ = {
			isa = PBXGroup;
			children = (
				6C2B26122A98B9A6003E951F /* PokemonExploreView.swift */,
			);
			path = Views;
			sourceTree = "<group>";
		};
		6CCC41E32AA0D23C00EE93D2 /* ViewModels */ = {
			isa = PBXGroup;
			children = (
				6CCC41E42AA0D25900EE93D2 /* PokemonExploreViewModel.swift */,
			);
			path = ViewModels;
			sourceTree = "<group>";
		};
		6CCC41E92AA4C91D00EE93D2 /* Views */ = {
			isa = PBXGroup;
			children = (
				6C2B26542A9CB506003E951F /* PokemonDetailView.swift */,
			);
			path = Views;
			sourceTree = "<group>";
		};
		6CCC41EA2AA4C92300EE93D2 /* ViewModels */ = {
			isa = PBXGroup;
			children = (
				6CCC41EC2AA4C94400EE93D2 /* PokemonDetailViewModel.swift */,
			);
			path = ViewModels;
			sourceTree = "<group>";
		};
		6CCC41EB2AA4C92800EE93D2 /* Models */ = {
			isa = PBXGroup;
			children = (
			);
			path = Models;
			sourceTree = "<group>";
		};
		7558F20F2CEF473A001AB9DD /* Subfeatures */ = {
			isa = PBXGroup;
			children = (
				75C519602D66297100ECC708 /* Tabview */,
				6CCC41CD2AA0A43500EE93D2 /* FeatureExplore */,
				6CCC41CF2AA0A47700EE93D2 /* FeatureDetail */,
				75ADE51E2D78503200F076CB /* FeatureFavourites */,
			);
			path = Subfeatures;
			sourceTree = "<group>";
		};
		756925CD2D5F506500785115 /* Extensions */ = {
			isa = PBXGroup;
			children = (
				756925D02D5F50A300785115 /* Logger_extension.swift */,
				756925EF2D6360D900785115 /* Color_extension.swift */,
			);
			path = Extensions;
			sourceTree = "<group>";
		};
		756925E42D5F697000785115 /* Resources */ = {
			isa = PBXGroup;
			children = (
				7556898B2D7A5D3E00D0EB91 /* lottieAnimation.json */,
				756925E52D61F7C500785115 /* Colors.swift */,
				756925E62D61F7C500785115 /* Colors.xcassets */,
				6C2B26142A98B9A7003E951F /* Assets.xcassets */,
			);
			path = Resources;
			sourceTree = "<group>";
		};
		75755DB22D64AAED00488B09 /* Models */ = {
			isa = PBXGroup;
			children = (
				75755DB02D64AAD700488B09 /* PokemonSpeciesResponseModel.swift */,
			);
			path = Models;
			sourceTree = "<group>";
		};
		75AC7DE82D0B070E0063F88F /* DataSource */ = {
			isa = PBXGroup;
			children = (
				75AC7DE72D0B070E0063F88F /* ExploreDataSource.swift */,
			);
			path = DataSource;
			sourceTree = "<group>";
		};
		75AC7DEB2D0B071C0063F88F /* Repositories */ = {
			isa = PBXGroup;
			children = (
				75AC7DEA2D0B071C0063F88F /* ExploreRepository.swift */,
			);
			path = Repositories;
			sourceTree = "<group>";
		};
		75ADE51E2D78503200F076CB /* FeatureFavourites */ = {
			isa = PBXGroup;
			children = (
				755689802D78673A00D0EB91 /* FeatureFavoritesAssembly.swift */,
				755689812D78673A00D0EB91 /* FeatureFavoritesView.swift */,
				755689822D78673A00D0EB91 /* FeatureFavoritesViewModel.swift */,
			);
			path = FeatureFavourites;
			sourceTree = "<group>";
		};
		75C519602D66297100ECC708 /* Tabview */ = {
			isa = PBXGroup;
			children = (
				75ADE50C2D6F143700F076CB /* TabBarState.swift */,
				75ADE50A2D6CCCAD00F076CB /* FloatingTabBar.swift */,
			);
			path = Tabview;
			sourceTree = "<group>";
		};
		75FED5A92D0B00B200F01915 /* Modifiers */ = {
			isa = PBXGroup;
			children = (
				75FED5AA2D0B00C300F01915 /* LoaderModifier.swift */,
			);
			path = Modifiers;
			sourceTree = "<group>";
		};
		75FED5AC2D0B02E900F01915 /* BaseClasses */ = {
			isa = PBXGroup;
			children = (
				75FED5AD2D0B030E00F01915 /* BaseViewModel.swift */,
			);
			path = BaseClasses;
			sourceTree = "<group>";
		};
		75FED5AF2D0B038900F01915 /* Views */ = {
			isa = PBXGroup;
			children = (
				75ADE50E2D75B0AB00F076CB /* LikeAnimationView.swift */,
				756925F12D63CB3100785115 /* CardView.swift */,
				75755DAC2D649E1F00488B09 /* CapsuleView.swift */,
				6C2B26502A9CA97E003E951F /* PokemonCellView.swift */,
				75AC7DED2D0B30610063F88F /* LoaderView.swift */,
				75E0CC4E2D15920800D0A9D9 /* CustomErrorView.swift */,
				75755DB92D64F31200488B09 /* PokemonStatsChartView.swift */,
			);
			path = Views;
			sourceTree = "<group>";
		};
		75FED5B02D0B040C00F01915 /* Assemblies */ = {
			isa = PBXGroup;
			children = (
				75FED5B12D0B040C00F01915 /* PokemonExploreAssembly.swift */,
			);
			path = Assemblies;
			sourceTree = "<group>";
		};
		75FED5B32D0B042600F01915 /* Assemblies */ = {
			isa = PBXGroup;
			children = (
				75FED5B42D0B042600F01915 /* PokemonDetailAssembly.swift */,
			);
			path = Assemblies;
			sourceTree = "<group>";
		};
/* End PBXGroup section */

/* Begin PBXNativeTarget section */
		6C2B260C2A98B9A6003E951F /* PokeDex */ = {
			isa = PBXNativeTarget;
			buildConfigurationList = 6C2B26212A98B9A7003E951F /* Build configuration list for PBXNativeTarget "PokeDex" */;
			buildPhases = (
				6C2B26092A98B9A6003E951F /* Sources */,
				6C2B260A2A98B9A6003E951F /* Frameworks */,
				6C2B260B2A98B9A6003E951F /* Resources */,
				75211CB32D2E7F9D0061D7E1 /* SwiftLint */,
			);
			buildRules = (
			);
			dependencies = (
			);
			name = PokeDex;
			productName = "Pokemon Clean Architecture";
			productReference = 6C2B260D2A98B9A6003E951F /* PokeDex.app */;
			productType = "com.apple.product-type.application";
		};
/* End PBXNativeTarget section */

/* Begin PBXProject section */
		6C2B26052A98B9A6003E951F /* Project object */ = {
			isa = PBXProject;
			attributes = {
				BuildIndependentTargetsInParallel = 1;
				LastSwiftUpdateCheck = 1430;
				LastUpgradeCheck = 1620;
				TargetAttributes = {
					6C2B260C2A98B9A6003E951F = {
						CreatedOnToolsVersion = 14.3;
					};
				};
			};
			buildConfigurationList = 6C2B26082A98B9A6003E951F /* Build configuration list for PBXProject "PokeDex" */;
			compatibilityVersion = "Xcode 14.0";
			developmentRegion = en;
			hasScannedForEncodings = 0;
			knownRegions = (
				en,
				Base,
				es,
			);
			mainGroup = 6C2B26042A98B9A6003E951F;
			packageReferences = (
				755689862D7A5D2100D0EB91 /* XCRemoteSwiftPackageReference "lottie-ios" */,
			);
			productRefGroup = 6C2B260E2A98B9A6003E951F /* Products */;
			projectDirPath = "";
			projectRoot = "";
			targets = (
				6C2B260C2A98B9A6003E951F /* PokeDex */,
			);
		};
/* End PBXProject section */

/* Begin PBXResourcesBuildPhase section */
		6C2B260B2A98B9A6003E951F /* Resources */ = {
			isa = PBXResourcesBuildPhase;
			buildActionMask = 2147483647;
			files = (
				756925E72D61F7C500785115 /* Colors.xcassets in Resources */,
				7556898C2D7A5D3E00D0EB91 /* lottieAnimation.json in Resources */,
				6C2B26182A98B9A7003E951F /* Preview Assets.xcassets in Resources */,
				75755DAF2D64A36200488B09 /* Localizable.xcstrings in Resources */,
				6C2B26152A98B9A7003E951F /* Assets.xcassets in Resources */,
			);
			runOnlyForDeploymentPostprocessing = 0;
		};
/* End PBXResourcesBuildPhase section */

/* Begin PBXShellScriptBuildPhase section */
		75211CB32D2E7F9D0061D7E1 /* SwiftLint */ = {
			isa = PBXShellScriptBuildPhase;
			alwaysOutOfDate = 1;
			buildActionMask = 12;
			files = (
			);
			inputFileListPaths = (
			);
			inputPaths = (
			);
			name = SwiftLint;
			outputFileListPaths = (
			);
			outputPaths = (
			);
			runOnlyForDeploymentPostprocessing = 0;
			shellPath = /bin/sh;
			shellScript = "if which swiftlint >/dev/null; then\nswiftlint\nelse\necho \"warning: SwiftLint not installed, download from https://github.com/realm/SwiftLint\"\nfi\n";
		};
/* End PBXShellScriptBuildPhase section */

/* Begin PBXSourcesBuildPhase section */
		6C2B26092A98B9A6003E951F /* Sources */ = {
			isa = PBXSourcesBuildPhase;
			buildActionMask = 2147483647;
			files = (
				75ADE51D2D7756B600F076CB /* FavoritesRepository.swift in Sources */,
				75ADE5192D77533F00F076CB /* IsPokemonFavoriteUseCase.swift in Sources */,
				75755DB62D64B00000488B09 /* GetPokemonDetailSpecieUseCase.swift in Sources */,
				75AC7DE92D0B070E0063F88F /* ExploreDataSource.swift in Sources */,
				756925EA2D632EB800785115 /* PokemonTypes.swift in Sources */,
				6CCC41D82AA0A51A00EE93D2 /* DetailDataSource.swift in Sources */,
				75ADE50F2D75B0AB00F076CB /* LikeAnimationView.swift in Sources */,
				75ADE51B2D7753AE00F076CB /* FavouritesDataSource.swift in Sources */,
				6C2B26572A9CB581003E951F /* PokemonDetailResponseModel.swift in Sources */,
				6C2B26552A9CB506003E951F /* PokemonDetailView.swift in Sources */,
				756925F22D63CB3100785115 /* CardView.swift in Sources */,
				6C2B26132A98B9A6003E951F /* PokemonExploreView.swift in Sources */,
				756925E82D61F7C500785115 /* Colors.swift in Sources */,
				756925F02D6360D900785115 /* Color_extension.swift in Sources */,
				6CCC41E72AA0D2C400EE93D2 /* PokemonModel.swift in Sources */,
				75FED5AB2D0B00C300F01915 /* LoaderModifier.swift in Sources */,
				756925D12D5F50A300785115 /* Logger_extension.swift in Sources */,
				75755DB82D64BE6200488B09 /* PokemonSpecieModel.swift in Sources */,
				75E0CC4F2D15920800D0A9D9 /* CustomErrorView.swift in Sources */,
				75FED5AE2D0B030E00F01915 /* BaseViewModel.swift in Sources */,
				6C2B263A2A9AF1EC003E951F /* NetworkUtils.swift in Sources */,
				75ADE5132D77531000F076CB /* AddPokemonToFavoritesUseCase.swift in Sources */,
				75755DB42D64AD1200488B09 /* PokemonSpeciesEntity.swift in Sources */,
				75ADE5172D77533100F076CB /* FetchAllFavoritePokemonsUseCase.swift in Sources */,
				6C2B26112A98B9A6003E951F /* PokeDexApp.swift in Sources */,
				75FED5B52D0B042600F01915 /* PokemonDetailAssembly.swift in Sources */,
				755689832D78673A00D0EB91 /* FeatureFavoritesView.swift in Sources */,
				755689842D78673A00D0EB91 /* FeatureFavoritesViewModel.swift in Sources */,
				755689852D78673A00D0EB91 /* FeatureFavoritesAssembly.swift in Sources */,
				75FED5B22D0B040C00F01915 /* PokemonExploreAssembly.swift in Sources */,
				6CCC41DA2AA0A56600EE93D2 /* DetailRepository.swift in Sources */,
				6C2B26492A9C99C0003E951F /* ExploreRepositoryProtocol.swift in Sources */,
				75ADE50B2D6CCCAD00F076CB /* FloatingTabBar.swift in Sources */,
				75755DB12D64AAD700488B09 /* PokemonSpeciesResponseModel.swift in Sources */,
				6C2B264B2A9C9BC7003E951F /* PokemonEntity.swift in Sources */,
				6C2B26532A9CB187003E951F /* PokemonListResponseModel.swift in Sources */,
				6C2B26442A9B2882003E951F /* Constants.swift in Sources */,
				75AC7DEE2D0B30610063F88F /* LoaderView.swift in Sources */,
				75755DAD2D649E1F00488B09 /* CapsuleView.swift in Sources */,
				6C2B26512A9CA97E003E951F /* PokemonCellView.swift in Sources */,
				6C2B264F2A9CA5BA003E951F /* GetPokemonListUseCase.swift in Sources */,
				6C2B265B2A9D8E3F003E951F /* GetPokemonDetailUseCase.swift in Sources */,
				75AC7DEC2D0B071C0063F88F /* ExploreRepository.swift in Sources */,
				75ADE5152D77532000F076CB /* RemovePokemonFromFavoritesUseCase.swift in Sources */,
				6CCC41E52AA0D25A00EE93D2 /* PokemonExploreViewModel.swift in Sources */,
				6CCC41DF2AA0A59B00EE93D2 /* DetailRepositoryProtocol.swift in Sources */,
				75755DBC2D64F8BF00488B09 /* PokemonStats.swift in Sources */,
				75ADE5112D77528300F076CB /* FavoritesRepositoryProtocol.swift in Sources */,
				75755DBA2D64F31200488B09 /* PokemonStatsChartView.swift in Sources */,
				6CCC41ED2AA4C94400EE93D2 /* PokemonDetailViewModel.swift in Sources */,
				75ADE50D2D6F143700F076CB /* TabBarState.swift in Sources */,
				6C2B263D2A9AFA0E003E951F /* PokemonResponseModel.swift in Sources */,
			);
			runOnlyForDeploymentPostprocessing = 0;
		};
/* End PBXSourcesBuildPhase section */

/* Begin XCBuildConfiguration section */
		6C2B261F2A98B9A7003E951F /* Debug */ = {
			isa = XCBuildConfiguration;
			buildSettings = {
				ALWAYS_SEARCH_USER_PATHS = NO;
				CLANG_ANALYZER_NONNULL = YES;
				CLANG_ANALYZER_NUMBER_OBJECT_CONVERSION = YES_AGGRESSIVE;
				CLANG_CXX_LANGUAGE_STANDARD = "gnu++20";
				CLANG_ENABLE_MODULES = YES;
				CLANG_ENABLE_OBJC_ARC = YES;
				CLANG_ENABLE_OBJC_WEAK = YES;
				CLANG_WARN_BLOCK_CAPTURE_AUTORELEASING = YES;
				CLANG_WARN_BOOL_CONVERSION = YES;
				CLANG_WARN_COMMA = YES;
				CLANG_WARN_CONSTANT_CONVERSION = YES;
				CLANG_WARN_DEPRECATED_OBJC_IMPLEMENTATIONS = YES;
				CLANG_WARN_DIRECT_OBJC_ISA_USAGE = YES_ERROR;
				CLANG_WARN_DOCUMENTATION_COMMENTS = YES;
				CLANG_WARN_EMPTY_BODY = YES;
				CLANG_WARN_ENUM_CONVERSION = YES;
				CLANG_WARN_INFINITE_RECURSION = YES;
				CLANG_WARN_INT_CONVERSION = YES;
				CLANG_WARN_NON_LITERAL_NULL_CONVERSION = YES;
				CLANG_WARN_OBJC_IMPLICIT_RETAIN_SELF = YES;
				CLANG_WARN_OBJC_LITERAL_CONVERSION = YES;
				CLANG_WARN_OBJC_ROOT_CLASS = YES_ERROR;
				CLANG_WARN_QUOTED_INCLUDE_IN_FRAMEWORK_HEADER = YES;
				CLANG_WARN_RANGE_LOOP_ANALYSIS = YES;
				CLANG_WARN_STRICT_PROTOTYPES = YES;
				CLANG_WARN_SUSPICIOUS_MOVE = YES;
				CLANG_WARN_UNGUARDED_AVAILABILITY = YES_AGGRESSIVE;
				CLANG_WARN_UNREACHABLE_CODE = YES;
				CLANG_WARN__DUPLICATE_METHOD_MATCH = YES;
				COPY_PHASE_STRIP = NO;
				DEBUG_INFORMATION_FORMAT = dwarf;
				ENABLE_STRICT_OBJC_MSGSEND = YES;
				ENABLE_TESTABILITY = YES;
				ENABLE_USER_SCRIPT_SANDBOXING = NO;
				GCC_C_LANGUAGE_STANDARD = gnu11;
				GCC_DYNAMIC_NO_PIC = NO;
				GCC_NO_COMMON_BLOCKS = YES;
				GCC_OPTIMIZATION_LEVEL = 0;
				GCC_PREPROCESSOR_DEFINITIONS = (
					"DEBUG=1",
					"$(inherited)",
				);
				GCC_WARN_64_TO_32_BIT_CONVERSION = YES;
				GCC_WARN_ABOUT_RETURN_TYPE = YES_ERROR;
				GCC_WARN_UNDECLARED_SELECTOR = YES;
				GCC_WARN_UNINITIALIZED_AUTOS = YES_AGGRESSIVE;
				GCC_WARN_UNUSED_FUNCTION = YES;
				GCC_WARN_UNUSED_VARIABLE = YES;
				IPHONEOS_DEPLOYMENT_TARGET = 17.6;
				MTL_ENABLE_DEBUG_INFO = INCLUDE_SOURCE;
				MTL_FAST_MATH = YES;
				ONLY_ACTIVE_ARCH = YES;
				SDKROOT = iphoneos;
				SWIFT_ACTIVE_COMPILATION_CONDITIONS = DEBUG;
				SWIFT_EMIT_LOC_STRINGS = YES;
				SWIFT_OPTIMIZATION_LEVEL = "-Onone";
			};
			name = Debug;
		};
		6C2B26202A98B9A7003E951F /* Release */ = {
			isa = XCBuildConfiguration;
			buildSettings = {
				ALWAYS_SEARCH_USER_PATHS = NO;
				CLANG_ANALYZER_NONNULL = YES;
				CLANG_ANALYZER_NUMBER_OBJECT_CONVERSION = YES_AGGRESSIVE;
				CLANG_CXX_LANGUAGE_STANDARD = "gnu++20";
				CLANG_ENABLE_MODULES = YES;
				CLANG_ENABLE_OBJC_ARC = YES;
				CLANG_ENABLE_OBJC_WEAK = YES;
				CLANG_WARN_BLOCK_CAPTURE_AUTORELEASING = YES;
				CLANG_WARN_BOOL_CONVERSION = YES;
				CLANG_WARN_COMMA = YES;
				CLANG_WARN_CONSTANT_CONVERSION = YES;
				CLANG_WARN_DEPRECATED_OBJC_IMPLEMENTATIONS = YES;
				CLANG_WARN_DIRECT_OBJC_ISA_USAGE = YES_ERROR;
				CLANG_WARN_DOCUMENTATION_COMMENTS = YES;
				CLANG_WARN_EMPTY_BODY = YES;
				CLANG_WARN_ENUM_CONVERSION = YES;
				CLANG_WARN_INFINITE_RECURSION = YES;
				CLANG_WARN_INT_CONVERSION = YES;
				CLANG_WARN_NON_LITERAL_NULL_CONVERSION = YES;
				CLANG_WARN_OBJC_IMPLICIT_RETAIN_SELF = YES;
				CLANG_WARN_OBJC_LITERAL_CONVERSION = YES;
				CLANG_WARN_OBJC_ROOT_CLASS = YES_ERROR;
				CLANG_WARN_QUOTED_INCLUDE_IN_FRAMEWORK_HEADER = YES;
				CLANG_WARN_RANGE_LOOP_ANALYSIS = YES;
				CLANG_WARN_STRICT_PROTOTYPES = YES;
				CLANG_WARN_SUSPICIOUS_MOVE = YES;
				CLANG_WARN_UNGUARDED_AVAILABILITY = YES_AGGRESSIVE;
				CLANG_WARN_UNREACHABLE_CODE = YES;
				CLANG_WARN__DUPLICATE_METHOD_MATCH = YES;
				COPY_PHASE_STRIP = NO;
				DEBUG_INFORMATION_FORMAT = "dwarf-with-dsym";
				ENABLE_NS_ASSERTIONS = NO;
				ENABLE_STRICT_OBJC_MSGSEND = YES;
				ENABLE_USER_SCRIPT_SANDBOXING = NO;
				GCC_C_LANGUAGE_STANDARD = gnu11;
				GCC_NO_COMMON_BLOCKS = YES;
				GCC_WARN_64_TO_32_BIT_CONVERSION = YES;
				GCC_WARN_ABOUT_RETURN_TYPE = YES_ERROR;
				GCC_WARN_UNDECLARED_SELECTOR = YES;
				GCC_WARN_UNINITIALIZED_AUTOS = YES_AGGRESSIVE;
				GCC_WARN_UNUSED_FUNCTION = YES;
				GCC_WARN_UNUSED_VARIABLE = YES;
				IPHONEOS_DEPLOYMENT_TARGET = 17.6;
				MTL_ENABLE_DEBUG_INFO = NO;
				MTL_FAST_MATH = YES;
				SDKROOT = iphoneos;
				SWIFT_COMPILATION_MODE = wholemodule;
				SWIFT_EMIT_LOC_STRINGS = YES;
				SWIFT_OPTIMIZATION_LEVEL = "-O";
				VALIDATE_PRODUCT = YES;
			};
			name = Release;
		};
		6C2B26222A98B9A7003E951F /* Debug */ = {
			isa = XCBuildConfiguration;
			buildSettings = {
				ASSETCATALOG_COMPILER_APPICON_NAME = AppIcon;
				ASSETCATALOG_COMPILER_GLOBAL_ACCENT_COLOR_NAME = AccentColor;
				CODE_SIGN_IDENTITY = "Apple Development";
				CODE_SIGN_STYLE = Automatic;
				CURRENT_PROJECT_VERSION = 1;
				DEVELOPMENT_ASSET_PATHS = "\"PokeDex/Preview Content\"";
				DEVELOPMENT_TEAM = 9TVD3P4B9P;
				ENABLE_PREVIEWS = YES;
				GENERATE_INFOPLIST_FILE = YES;
				INFOPLIST_KEY_UIApplicationSceneManifest_Generation = YES;
				INFOPLIST_KEY_UIApplicationSupportsIndirectInputEvents = YES;
				INFOPLIST_KEY_UILaunchScreen_Generation = YES;
				INFOPLIST_KEY_UISupportedInterfaceOrientations = "UIInterfaceOrientationLandscapeLeft UIInterfaceOrientationLandscapeRight UIInterfaceOrientationPortrait UIInterfaceOrientationPortraitUpsideDown";
				LD_RUNPATH_SEARCH_PATHS = (
					"$(inherited)",
					"@executable_path/Frameworks",
				);
				MARKETING_VERSION = 1.0;
				PRODUCT_BUNDLE_IDENTIFIER = "com.adhaf.Pokemon-Clean-Architecture";
				PRODUCT_NAME = "$(TARGET_NAME)";
				PROVISIONING_PROFILE_SPECIFIER = "";
				SWIFT_EMIT_LOC_STRINGS = YES;
				SWIFT_VERSION = 5.0;
				TARGETED_DEVICE_FAMILY = "1,2";
			};
			name = Debug;
		};
		6C2B26232A98B9A7003E951F /* Release */ = {
			isa = XCBuildConfiguration;
			buildSettings = {
				ASSETCATALOG_COMPILER_APPICON_NAME = AppIcon;
				ASSETCATALOG_COMPILER_GLOBAL_ACCENT_COLOR_NAME = AccentColor;
				CODE_SIGN_STYLE = Automatic;
				CURRENT_PROJECT_VERSION = 1;
				DEVELOPMENT_ASSET_PATHS = "\"PokeDex/Preview Content\"";
				DEVELOPMENT_TEAM = 9TVD3P4B9P;
				ENABLE_PREVIEWS = YES;
				GENERATE_INFOPLIST_FILE = YES;
				INFOPLIST_KEY_UIApplicationSceneManifest_Generation = YES;
				INFOPLIST_KEY_UIApplicationSupportsIndirectInputEvents = YES;
				INFOPLIST_KEY_UILaunchScreen_Generation = YES;
				INFOPLIST_KEY_UISupportedInterfaceOrientations = "UIInterfaceOrientationLandscapeLeft UIInterfaceOrientationLandscapeRight UIInterfaceOrientationPortrait UIInterfaceOrientationPortraitUpsideDown";
				LD_RUNPATH_SEARCH_PATHS = (
					"$(inherited)",
					"@executable_path/Frameworks",
				);
				MARKETING_VERSION = 1.0;
				PRODUCT_BUNDLE_IDENTIFIER = "com.adhaf.Pokemon-Clean-Architecture";
				PRODUCT_NAME = "$(TARGET_NAME)";
				SWIFT_EMIT_LOC_STRINGS = YES;
				SWIFT_VERSION = 5.0;
				TARGETED_DEVICE_FAMILY = "1,2";
			};
			name = Release;
		};
/* End XCBuildConfiguration section */

/* Begin XCConfigurationList section */
		6C2B26082A98B9A6003E951F /* Build configuration list for PBXProject "PokeDex" */ = {
			isa = XCConfigurationList;
			buildConfigurations = (
				6C2B261F2A98B9A7003E951F /* Debug */,
				6C2B26202A98B9A7003E951F /* Release */,
			);
			defaultConfigurationIsVisible = 0;
			defaultConfigurationName = Release;
		};
		6C2B26212A98B9A7003E951F /* Build configuration list for PBXNativeTarget "PokeDex" */ = {
			isa = XCConfigurationList;
			buildConfigurations = (
				6C2B26222A98B9A7003E951F /* Debug */,
				6C2B26232A98B9A7003E951F /* Release */,
			);
			defaultConfigurationIsVisible = 0;
			defaultConfigurationName = Release;
		};
/* End XCConfigurationList section */

/* Begin XCRemoteSwiftPackageReference section */
		755689862D7A5D2100D0EB91 /* XCRemoteSwiftPackageReference "lottie-ios" */ = {
			isa = XCRemoteSwiftPackageReference;
			repositoryURL = "https://github.com/airbnb/lottie-ios.git";
			requirement = {
				kind = upToNextMajorVersion;
				minimumVersion = 4.5.1;
			};
		};
/* End XCRemoteSwiftPackageReference section */

/* Begin XCSwiftPackageProductDependency section */
		755689872D7A5D2100D0EB91 /* Lottie */ = {
			isa = XCSwiftPackageProductDependency;
			package = 755689862D7A5D2100D0EB91 /* XCRemoteSwiftPackageReference "lottie-ios" */;
			productName = Lottie;
		};
/* End XCSwiftPackageProductDependency section */
	};
	rootObject = 6C2B26052A98B9A6003E951F /* Project object */;
}
